
Microsoft Visual Studio Solution File, Format Version 12.00
# Visual Studio Version 16
VisualStudioVersion = 16.0.30611.23
MinimumVisualStudioVersion = 10.0.40219.1
Project("{FAE04EC0-301F-11D3-BF4B-00C04F79EFBC}") = "pratice-Aula1", "pratice-Aula1\pratice-Aula1.csproj", "{A989C0FD-3C1A-4ED1-8E36-1F3FF96516B6}"
EndProject
Global
	GlobalSection(SolutionConfigurationPlatforms) = preSolution
		Debug|Any CPU = Debug|Any CPU
		Release|Any CPU = Release|Any CPU
	EndGlobalSection
	GlobalSection(ProjectConfigurationPlatforms) = postSolution
		{A989C0FD-3C1A-4ED1-8E36-1F3FF96516B6}.Debug|Any CPU.ActiveCfg = Debug|Any CPU
		{A989C0FD-3C1A-4ED1-8E36-1F3FF96516B6}.Debug|Any CPU.Build.0 = Debug|Any CPU
		{A989C0FD-3C1A-4ED1-8E36-1F3FF96516B6}.Release|Any CPU.ActiveCfg = Release|Any CPU
		{A989C0FD-3C1A-4ED1-8E36-1F3FF96516B6}.Release|Any CPU.Build.0 = Release|Any CPU
	EndGlobalSection
	GlobalSection(SolutionProperties) = preSolution
		HideSolutionNode = FALSE
	EndGlobalSection
	GlobalSection(ExtensibilityGlobals) = postSolution
		SolutionGuid = {4A1A83B8-3867-4AEA-A8A8-3698AE0EDEB7}
	EndGlobalSection
EndGlobal
